
Microsoft Visual Studio Solution File, Format Version 12.00
# Visual Studio 15
VisualStudioVersion = 15.0.27130.2036
MinimumVisualStudioVersion = 10.0.40219.1
Project("{FAE04EC0-301F-11D3-BF4B-00C04F79EFBC}") = "DetectFaceInImage", "DetectFaceInImage\DetectFaceInImage.csproj", "{A42E827C-CE43-4842-9EDA-DED60EDD0BF7}"
EndProject
Project("{2150E333-8FDC-42A3-9474-1A3956D46DE8}") = "Samples", "Samples", "{27083838-AEFA-4EE4-9DA6-A954ED3494AC}"
	ProjectSection(SolutionItems) = preProject
		samples\entrepreneur-2326419_1920.jpg = samples\entrepreneur-2326419_1920.jpg
		samples\team-866663_1920.jpg = samples\team-866663_1920.jpg
	EndProjectSection
EndProject
Global
	GlobalSection(SolutionConfigurationPlatforms) = preSolution
		Debug|Any CPU = Debug|Any CPU
		Release|Any CPU = Release|Any CPU
	EndGlobalSection
	GlobalSection(ProjectConfigurationPlatforms) = postSolution
		{A42E827C-CE43-4842-9EDA-DED60EDD0BF7}.Debug|Any CPU.ActiveCfg = Debug|Any CPU
		{A42E827C-CE43-4842-9EDA-DED60EDD0BF7}.Debug|Any CPU.Build.0 = Debug|Any CPU
		{A42E827C-CE43-4842-9EDA-DED60EDD0BF7}.Release|Any CPU.ActiveCfg = Release|Any CPU
		{A42E827C-CE43-4842-9EDA-DED60EDD0BF7}.Release|Any CPU.Build.0 = Release|Any CPU
	EndGlobalSection
	GlobalSection(SolutionProperties) = preSolution
		HideSolutionNode = FALSE
	EndGlobalSection
	GlobalSection(ExtensibilityGlobals) = postSolution
		SolutionGuid = {29AF375C-8AAB-40B7-B47D-13DD49308864}
	EndGlobalSection
EndGlobal
